
Microsoft Visual Studio Solution File, Format Version 12.00
# Visual Studio Version 17
VisualStudioVersion = 17.13.35828.75 d17.13
MinimumVisualStudioVersion = 10.0.40219.1
Project("{FAE04EC0-301F-11D3-BF4B-00C04F79EFBC}") = "FERRETERIAPROYECTO", "FERRETERIAPROYECTO.csproj", "{ED55903B-6E92-460E-B208-59C95D05D0BC}"
EndProject
Global
	GlobalSection(SolutionConfigurationPlatforms) = preSolution
		Debug|Any CPU = Debug|Any CPU
		Release|Any CPU = Release|Any CPU
	EndGlobalSection
	GlobalSection(ProjectConfigurationPlatforms) = postSolution
		{ED55903B-6E92-460E-B208-59C95D05D0BC}.Debug|Any CPU.ActiveCfg = Debug|Any CPU
		{ED55903B-6E92-460E-B208-59C95D05D0BC}.Debug|Any CPU.Build.0 = Debug|Any CPU
		{ED55903B-6E92-460E-B208-59C95D05D0BC}.Release|Any CPU.ActiveCfg = Release|Any CPU
		{ED55903B-6E92-460E-B208-59C95D05D0BC}.Release|Any CPU.Build.0 = Release|Any CPU
	EndGlobalSection
	GlobalSection(SolutionProperties) = preSolution
		HideSolutionNode = FALSE
	EndGlobalSection
	GlobalSection(ExtensibilityGlobals) = postSolution
		SolutionGuid = {A1A4BFFF-6896-4CB1-A6B2-FE84658C970F}
	EndGlobalSection
EndGlobal
